
Microsoft Visual Studio Solution File, Format Version 12.00
# Visual Studio Version 16
VisualStudioVersion = 16.0.30128.74
MinimumVisualStudioVersion = 10.0.40219.1
Project("{9A19103F-16F7-4668-BE54-9A1E7A4F7556}") = "Master.Setup", "MasterManagement\Master.Setup.csproj", "{648E57BF-1AF8-4683-AC49-13EE8A20A717}"
EndProject
Project("{2150E333-8FDC-42A3-9474-1A3956D46DE8}") = "UI", "UI", "{43E2B467-8C82-433A-A5BE-ED1FBF1CCB55}"
EndProject
Project("{2150E333-8FDC-42A3-9474-1A3956D46DE8}") = "Business", "Business", "{5DBDD27C-E55E-480B-B4C1-2FB4B0245B2C}"
EndProject
Project("{2150E333-8FDC-42A3-9474-1A3956D46DE8}") = "DBManager", "DBManager", "{1C6566B1-1948-4BBD-9DF4-3340AABEA46E}"
EndProject
Project("{2150E333-8FDC-42A3-9474-1A3956D46DE8}") = "Model", "Model", "{10CE3D4D-9DE6-4448-B4F0-638CC349C09C}"
EndProject
Project("{9A19103F-16F7-4668-BE54-9A1E7A4F7556}") = "MLogin", "MLogin\MLogin.csproj", "{09F09EB5-FD40-45E4-9CC9-E40DD84EEEAA}"
EndProject
Project("{9A19103F-16F7-4668-BE54-9A1E7A4F7556}") = "MainApp", "MainApp\MainApp.csproj", "{C382688A-3CB0-4571-83CB-41FBC2FDB104}"
EndProject
Project("{9A19103F-16F7-4668-BE54-9A1E7A4F7556}") = "MUser", "MUser\MUser.csproj", "{C4BA71A6-C8D8-433E-80DC-01FDEBEC8C06}"
EndProject
Project("{9A19103F-16F7-4668-BE54-9A1E7A4F7556}") = "MFrameworke.Base", "MFrameworke.Base\MFrameworke.Base.csproj", "{985E275A-9A83-4A61-83F1-F9788AE7A84D}"
EndProject
Project("{2150E333-8FDC-42A3-9474-1A3956D46DE8}") = "Config", "Config", "{2B359C01-78B7-473E-BB8E-F38B5FC5AA6A}"
EndProject
Project("{9A19103F-16F7-4668-BE54-9A1E7A4F7556}") = "MCash", "MCash\MCash.csproj", "{3D37CB37-5076-42AD-8ECB-6638DF813207}"
EndProject
Project("{9A19103F-16F7-4668-BE54-9A1E7A4F7556}") = "MEventBus", "EventBus\MEventBus.csproj", "{EF68D4F4-EEE2-43F9-9BF4-765B604E1E58}"
EndProject
Project("{2150E333-8FDC-42A3-9474-1A3956D46DE8}") = "Services", "Services", "{06BEA6B7-8B24-45DD-A6B3-E1BD14687531}"
EndProject
Project("{9A19103F-16F7-4668-BE54-9A1E7A4F7556}") = "MAppServices", "AppServices\MAppServices.csproj", "{5723137F-52FC-4CD2-B0F8-19D6830B4709}"
EndProject
Project("{9A19103F-16F7-4668-BE54-9A1E7A4F7556}") = "MBusiness", "MBusiness\MBusiness.csproj", "{F08C677F-F1FC-47A1-9B78-A9CC95BF7286}"
EndProject
Project("{2150E333-8FDC-42A3-9474-1A3956D46DE8}") = "Share", "Share", "{1C9955B2-4A83-4433-AFE6-46D41FFE2A93}"
	ProjectSection(SolutionItems) = preProject
		Share\UI\ControlExtension.cs = Share\UI\ControlExtension.cs
		Share\UI\TaskPromiseExtension.cs = Share\UI\TaskPromiseExtension.cs
	EndProjectSection
EndProject
Project("{FAE04EC0-301F-11D3-BF4B-00C04F79EFBC}") = "GMUI", "GMUI\GMUI.csproj", "{CBF88057-D98A-488D-AD2A-0E30CD14FC0E}"
EndProject
Global
	GlobalSection(SolutionConfigurationPlatforms) = preSolution
		Debug|Any CPU = Debug|Any CPU
		Release|Any CPU = Release|Any CPU
	EndGlobalSection
	GlobalSection(ProjectConfigurationPlatforms) = postSolution
		{648E57BF-1AF8-4683-AC49-13EE8A20A717}.Debug|Any CPU.ActiveCfg = Debug|Any CPU
		{648E57BF-1AF8-4683-AC49-13EE8A20A717}.Debug|Any CPU.Build.0 = Debug|Any CPU
		{648E57BF-1AF8-4683-AC49-13EE8A20A717}.Release|Any CPU.ActiveCfg = Release|Any CPU
		{648E57BF-1AF8-4683-AC49-13EE8A20A717}.Release|Any CPU.Build.0 = Release|Any CPU
		{09F09EB5-FD40-45E4-9CC9-E40DD84EEEAA}.Debug|Any CPU.ActiveCfg = Debug|Any CPU
		{09F09EB5-FD40-45E4-9CC9-E40DD84EEEAA}.Debug|Any CPU.Build.0 = Debug|Any CPU
		{09F09EB5-FD40-45E4-9CC9-E40DD84EEEAA}.Release|Any CPU.ActiveCfg = Release|Any CPU
		{09F09EB5-FD40-45E4-9CC9-E40DD84EEEAA}.Release|Any CPU.Build.0 = Release|Any CPU
		{C382688A-3CB0-4571-83CB-41FBC2FDB104}.Debug|Any CPU.ActiveCfg = Debug|Any CPU
		{C382688A-3CB0-4571-83CB-41FBC2FDB104}.Debug|Any CPU.Build.0 = Debug|Any CPU
		{C382688A-3CB0-4571-83CB-41FBC2FDB104}.Release|Any CPU.ActiveCfg = Release|Any CPU
		{C382688A-3CB0-4571-83CB-41FBC2FDB104}.Release|Any CPU.Build.0 = Release|Any CPU
		{C4BA71A6-C8D8-433E-80DC-01FDEBEC8C06}.Debug|Any CPU.ActiveCfg = Debug|Any CPU
		{C4BA71A6-C8D8-433E-80DC-01FDEBEC8C06}.Debug|Any CPU.Build.0 = Debug|Any CPU
		{C4BA71A6-C8D8-433E-80DC-01FDEBEC8C06}.Release|Any CPU.ActiveCfg = Release|Any CPU
		{C4BA71A6-C8D8-433E-80DC-01FDEBEC8C06}.Release|Any CPU.Build.0 = Release|Any CPU
		{985E275A-9A83-4A61-83F1-F9788AE7A84D}.Debug|Any CPU.ActiveCfg = Debug|Any CPU
		{985E275A-9A83-4A61-83F1-F9788AE7A84D}.Debug|Any CPU.Build.0 = Debug|Any CPU
		{985E275A-9A83-4A61-83F1-F9788AE7A84D}.Release|Any CPU.ActiveCfg = Release|Any CPU
		{985E275A-9A83-4A61-83F1-F9788AE7A84D}.Release|Any CPU.Build.0 = Release|Any CPU
		{3D37CB37-5076-42AD-8ECB-6638DF813207}.Debug|Any CPU.ActiveCfg = Debug|Any CPU
		{3D37CB37-5076-42AD-8ECB-6638DF813207}.Debug|Any CPU.Build.0 = Debug|Any CPU
		{3D37CB37-5076-42AD-8ECB-6638DF813207}.Release|Any CPU.ActiveCfg = Release|Any CPU
		{3D37CB37-5076-42AD-8ECB-6638DF813207}.Release|Any CPU.Build.0 = Release|Any CPU
		{EF68D4F4-EEE2-43F9-9BF4-765B604E1E58}.Debug|Any CPU.ActiveCfg = Debug|Any CPU
		{EF68D4F4-EEE2-43F9-9BF4-765B604E1E58}.Debug|Any CPU.Build.0 = Debug|Any CPU
		{EF68D4F4-EEE2-43F9-9BF4-765B604E1E58}.Release|Any CPU.ActiveCfg = Release|Any CPU
		{EF68D4F4-EEE2-43F9-9BF4-765B604E1E58}.Release|Any CPU.Build.0 = Release|Any CPU
		{5723137F-52FC-4CD2-B0F8-19D6830B4709}.Debug|Any CPU.ActiveCfg = Debug|Any CPU
		{5723137F-52FC-4CD2-B0F8-19D6830B4709}.Debug|Any CPU.Build.0 = Debug|Any CPU
		{5723137F-52FC-4CD2-B0F8-19D6830B4709}.Release|Any CPU.ActiveCfg = Release|Any CPU
		{5723137F-52FC-4CD2-B0F8-19D6830B4709}.Release|Any CPU.Build.0 = Release|Any CPU
		{F08C677F-F1FC-47A1-9B78-A9CC95BF7286}.Debug|Any CPU.ActiveCfg = Debug|Any CPU
		{F08C677F-F1FC-47A1-9B78-A9CC95BF7286}.Debug|Any CPU.Build.0 = Debug|Any CPU
		{F08C677F-F1FC-47A1-9B78-A9CC95BF7286}.Release|Any CPU.ActiveCfg = Release|Any CPU
		{F08C677F-F1FC-47A1-9B78-A9CC95BF7286}.Release|Any CPU.Build.0 = Release|Any CPU
		{CBF88057-D98A-488D-AD2A-0E30CD14FC0E}.Debug|Any CPU.ActiveCfg = Debug|Any CPU
		{CBF88057-D98A-488D-AD2A-0E30CD14FC0E}.Debug|Any CPU.Build.0 = Debug|Any CPU
		{CBF88057-D98A-488D-AD2A-0E30CD14FC0E}.Release|Any CPU.ActiveCfg = Release|Any CPU
		{CBF88057-D98A-488D-AD2A-0E30CD14FC0E}.Release|Any CPU.Build.0 = Release|Any CPU
	EndGlobalSection
	GlobalSection(SolutionProperties) = preSolution
		HideSolutionNode = FALSE
	EndGlobalSection
	GlobalSection(NestedProjects) = preSolution
		{09F09EB5-FD40-45E4-9CC9-E40DD84EEEAA} = {43E2B467-8C82-433A-A5BE-ED1FBF1CCB55}
		{C382688A-3CB0-4571-83CB-41FBC2FDB104} = {43E2B467-8C82-433A-A5BE-ED1FBF1CCB55}
		{C4BA71A6-C8D8-433E-80DC-01FDEBEC8C06} = {43E2B467-8C82-433A-A5BE-ED1FBF1CCB55}
		{3D37CB37-5076-42AD-8ECB-6638DF813207} = {43E2B467-8C82-433A-A5BE-ED1FBF1CCB55}
		{EF68D4F4-EEE2-43F9-9BF4-765B604E1E58} = {10CE3D4D-9DE6-4448-B4F0-638CC349C09C}
		{5723137F-52FC-4CD2-B0F8-19D6830B4709} = {06BEA6B7-8B24-45DD-A6B3-E1BD14687531}
		{F08C677F-F1FC-47A1-9B78-A9CC95BF7286} = {5DBDD27C-E55E-480B-B4C1-2FB4B0245B2C}
		{1C9955B2-4A83-4433-AFE6-46D41FFE2A93} = {43E2B467-8C82-433A-A5BE-ED1FBF1CCB55}
		{CBF88057-D98A-488D-AD2A-0E30CD14FC0E} = {43E2B467-8C82-433A-A5BE-ED1FBF1CCB55}
	EndGlobalSection
	GlobalSection(ExtensibilityGlobals) = postSolution
		SolutionGuid = {92EEF5EC-D980-4ABF-BAC8-95163A03F16C}
	EndGlobalSection
EndGlobal
